
Microsoft Visual Studio Solution File, Format Version 12.00
# Visual Studio Version 17
VisualStudioVersion = 17.10.35013.160
MinimumVisualStudioVersion = 10.0.40219.1
Project("{FAE04EC0-301F-11D3-BF4B-00C04F79EFBC}") = "MM-kozmondasok", "MM-kozmondasok\MM-kozmondasok.csproj", "{EBBEBC8B-C381-4CD5-B3B9-62815FAF83E3}"
EndProject
Global
	GlobalSection(SolutionConfigurationPlatforms) = preSolution
		Debug|Any CPU = Debug|Any CPU
		Release|Any CPU = Release|Any CPU
	EndGlobalSection
	GlobalSection(ProjectConfigurationPlatforms) = postSolution
		{EBBEBC8B-C381-4CD5-B3B9-62815FAF83E3}.Debug|Any CPU.ActiveCfg = Debug|Any CPU
		{EBBEBC8B-C381-4CD5-B3B9-62815FAF83E3}.Debug|Any CPU.Build.0 = Debug|Any CPU
		{EBBEBC8B-C381-4CD5-B3B9-62815FAF83E3}.Release|Any CPU.ActiveCfg = Release|Any CPU
		{EBBEBC8B-C381-4CD5-B3B9-62815FAF83E3}.Release|Any CPU.Build.0 = Release|Any CPU
	EndGlobalSection
	GlobalSection(SolutionProperties) = preSolution
		HideSolutionNode = FALSE
	EndGlobalSection
	GlobalSection(ExtensibilityGlobals) = postSolution
		SolutionGuid = {440AAFA9-0FA1-477B-AD4E-7190B61B4460}
	EndGlobalSection
EndGlobal
